
Microsoft Visual Studio Solution File, Format Version 12.00
# Visual Studio 15
VisualStudioVersion = 15.0.27004.2006
MinimumVisualStudioVersion = 10.0.40219.1
Project("{FAE04EC0-301F-11D3-BF4B-00C04F79EFBC}") = "DanMu", "DanMu\DanMu.csproj", "{BDA137BB-6358-4779-AF78-2B77FFBE49BF}"
EndProject
Global
	GlobalSection(SolutionConfigurationPlatforms) = preSolution
		Debug|Any CPU = Debug|Any CPU
		Release|Any CPU = Release|Any CPU
	EndGlobalSection
	GlobalSection(ProjectConfigurationPlatforms) = postSolution
		{BDA137BB-6358-4779-AF78-2B77FFBE49BF}.Debug|Any CPU.ActiveCfg = Debug|Any CPU
		{BDA137BB-6358-4779-AF78-2B77FFBE49BF}.Debug|Any CPU.Build.0 = Debug|Any CPU
		{BDA137BB-6358-4779-AF78-2B77FFBE49BF}.Release|Any CPU.ActiveCfg = Release|Any CPU
		{BDA137BB-6358-4779-AF78-2B77FFBE49BF}.Release|Any CPU.Build.0 = Release|Any CPU
	EndGlobalSection
	GlobalSection(SolutionProperties) = preSolution
		HideSolutionNode = FALSE
	EndGlobalSection
	GlobalSection(ExtensibilityGlobals) = postSolution
		SolutionGuid = {0EBE2D3F-3D3E-4A6D-9B93-E071C48C870E}
	EndGlobalSection
EndGlobal
